
Microsoft Visual Studio Solution File, Format Version 11.00
# Visual Studio 2010
Project("{FAE04EC0-301F-11D3-BF4B-00C04F79EFBC}") = "UnityEngine.UI", "UnityEngine.UI.csproj", "{2dbf1dda-ea6f-8fd4-f121-6cd89e644e66}"
EndProject
Project("{FAE04EC0-301F-11D3-BF4B-00C04F79EFBC}") = "UnityEngine.TestRunner", "UnityEngine.TestRunner.csproj", "{d98bfbf2-6e05-2fba-d90c-4d874cb3e614}"
EndProject
Project("{FAE04EC0-301F-11D3-BF4B-00C04F79EFBC}") = "Unity.InputSystem", "Unity.InputSystem.csproj", "{59734ab9-02f3-5cfc-8551-c8a7d65be4c0}"
EndProject
Project("{FAE04EC0-301F-11D3-BF4B-00C04F79EFBC}") = "UnityEngine.XR.LegacyInputHelpers", "UnityEngine.XR.LegacyInputHelpers.csproj", "{b8a7ba5b-6075-2a13-be4b-1ab638fa2b56}"
EndProject
Project("{FAE04EC0-301F-11D3-BF4B-00C04F79EFBC}") = "Unity.Timeline", "Unity.Timeline.csproj", "{f54924e6-4a40-0a9d-8fab-e99a600922df}"
EndProject
Project("{FAE04EC0-301F-11D3-BF4B-00C04F79EFBC}") = "Unity.TextMeshPro", "Unity.TextMeshPro.csproj", "{d6d29a25-0054-c6f2-b143-51401afd328a}"
EndProject
Project("{FAE04EC0-301F-11D3-BF4B-00C04F79EFBC}") = "Unity.XR.Oculus", "Unity.XR.Oculus.csproj", "{c08c7d51-613d-61fe-8c23-1770cb1f77a3}"
EndProject
Project("{FAE04EC0-301F-11D3-BF4B-00C04F79EFBC}") = "Unity.XR.Interaction.Toolkit", "Unity.XR.Interaction.Toolkit.csproj", "{406b095b-4683-a806-2f09-14f3d361e13c}"
EndProject
Project("{FAE04EC0-301F-11D3-BF4B-00C04F79EFBC}") = "Unity.XR.Management", "Unity.XR.Management.csproj", "{6b878eb3-9741-033e-fc93-2cde1add7877}"
EndProject
Project("{FAE04EC0-301F-11D3-BF4B-00C04F79EFBC}") = "Assembly-CSharp", "Assembly-CSharp.csproj", "{650b63e3-e130-938a-c001-2f315868446b}"
EndProject
Project("{FAE04EC0-301F-11D3-BF4B-00C04F79EFBC}") = "Unity.XR.MockHMD", "Unity.XR.MockHMD.csproj", "{ce14639c-e859-c50a-26d6-e6be1f9ef7ef}"
EndProject
Project("{FAE04EC0-301F-11D3-BF4B-00C04F79EFBC}") = "needle.weaver.webxr", "needle.weaver.webxr.csproj", "{419ca821-94f8-6634-6648-3b9642672aca}"
EndProject
Project("{FAE04EC0-301F-11D3-BF4B-00C04F79EFBC}") = "needle.weaver", "needle.weaver.csproj", "{d9f69663-a5f6-89b0-3c00-c62e9e194ccd}"
EndProject
Project("{FAE04EC0-301F-11D3-BF4B-00C04F79EFBC}") = "Unity.Subsystem.Registration", "Unity.Subsystem.Registration.csproj", "{50c2d4ec-43f9-975d-22cb-8b60f88abca6}"
EndProject
Project("{FAE04EC0-301F-11D3-BF4B-00C04F79EFBC}") = "UnityEngine.SpatialTracking", "UnityEngine.SpatialTracking.csproj", "{cb3231d2-9f0e-1915-c058-b58fe0db2b17}"
EndProject
Project("{FAE04EC0-301F-11D3-BF4B-00C04F79EFBC}") = "Unity.XR.Management.Editor", "Unity.XR.Management.Editor.csproj", "{dce8c221-bede-78d5-79c7-5bc0e6537f97}"
EndProject
Project("{FAE04EC0-301F-11D3-BF4B-00C04F79EFBC}") = "UnityEditor.TestRunner", "UnityEditor.TestRunner.csproj", "{a5f4f464-8177-3959-119b-f22d789e6526}"
EndProject
Project("{FAE04EC0-301F-11D3-BF4B-00C04F79EFBC}") = "UnityEditor.UI", "UnityEditor.UI.csproj", "{7895873f-3c33-cfae-23a3-ab23b590b9e6}"
EndProject
Project("{FAE04EC0-301F-11D3-BF4B-00C04F79EFBC}") = "Unity.Timeline.Editor", "Unity.Timeline.Editor.csproj", "{a857cd85-6de1-6d77-c4d6-75230d5d3895}"
EndProject
Project("{FAE04EC0-301F-11D3-BF4B-00C04F79EFBC}") = "Unity.VisualStudio.Editor", "Unity.VisualStudio.Editor.csproj", "{ad31e00a-885d-9051-508d-d1b680b9df53}"
EndProject
Project("{FAE04EC0-301F-11D3-BF4B-00C04F79EFBC}") = "Unity.TextMeshPro.Editor", "Unity.TextMeshPro.Editor.csproj", "{07e87ddf-e571-76b2-e8b2-e884d8b2bf76}"
EndProject
Project("{FAE04EC0-301F-11D3-BF4B-00C04F79EFBC}") = "Unity.CollabProxy.Editor", "Unity.CollabProxy.Editor.csproj", "{fe103198-4e51-5b85-d164-2c2bed53b6f9}"
EndProject
Project("{FAE04EC0-301F-11D3-BF4B-00C04F79EFBC}") = "Unity.XR.Interaction.Toolkit.Editor", "Unity.XR.Interaction.Toolkit.Editor.csproj", "{4cf34740-6d65-aef1-b92d-34af6c68b808}"
EndProject
Project("{FAE04EC0-301F-11D3-BF4B-00C04F79EFBC}") = "Unity.Rider.Editor", "Unity.Rider.Editor.csproj", "{90a28e0f-be76-ffc2-1640-04db910c45de}"
EndProject
Project("{FAE04EC0-301F-11D3-BF4B-00C04F79EFBC}") = "UnityEditor.XR.LegacyInputHelpers", "UnityEditor.XR.LegacyInputHelpers.csproj", "{f6d6f7f9-a95f-8a5b-9e63-4f4031f7b232}"
EndProject
Project("{FAE04EC0-301F-11D3-BF4B-00C04F79EFBC}") = "needle.weaver.webxr.editor", "needle.weaver.webxr.editor.csproj", "{0e01f51a-20b6-e9e7-2f61-3d784b9bdc7d}"
EndProject
Project("{FAE04EC0-301F-11D3-BF4B-00C04F79EFBC}") = "Unity.VSCode.Editor", "Unity.VSCode.Editor.csproj", "{27f686be-212b-0d51-21fd-838037bc9c5e}"
EndProject
Project("{FAE04EC0-301F-11D3-BF4B-00C04F79EFBC}") = "needle.weaver.editor", "needle.weaver.editor.csproj", "{0883db49-0488-af17-2236-2cad4a4c2b44}"
EndProject
Project("{FAE04EC0-301F-11D3-BF4B-00C04F79EFBC}") = "UnityEditor.SpatialTracking", "UnityEditor.SpatialTracking.csproj", "{82755022-9f5c-0bce-1d93-a50c5a866115}"
EndProject
Project("{FAE04EC0-301F-11D3-BF4B-00C04F79EFBC}") = "Unity.XR.MockHMD.Editor", "Unity.XR.MockHMD.Editor.csproj", "{40f226d2-63d3-866c-b397-ad96d8fd6bef}"
EndProject
Project("{FAE04EC0-301F-11D3-BF4B-00C04F79EFBC}") = "Unity.XR.Oculus.Editor", "Unity.XR.Oculus.Editor.csproj", "{8b29db09-cc04-a9ad-61c0-ab73e934ef35}"
EndProject
Project("{FAE04EC0-301F-11D3-BF4B-00C04F79EFBC}") = "UnityEngine.UI", "UnityEngine.UI.Player.csproj", "{fd92ee8d-62a7-0a02-58f9-55c755532500}"
EndProject
Project("{FAE04EC0-301F-11D3-BF4B-00C04F79EFBC}") = "UnityEngine.TestRunner", "UnityEngine.TestRunner.Player.csproj", "{094512fd-470d-7ce5-967c-ef119d0bcdb6}"
EndProject
Project("{FAE04EC0-301F-11D3-BF4B-00C04F79EFBC}") = "Unity.InputSystem", "Unity.InputSystem.Player.csproj", "{7b01e19e-e137-0c74-3d6d-c4067402bfe1}"
EndProject
Project("{FAE04EC0-301F-11D3-BF4B-00C04F79EFBC}") = "UnityEngine.XR.LegacyInputHelpers", "UnityEngine.XR.LegacyInputHelpers.Player.csproj", "{e9624703-44a5-9433-ecc5-7c7ed6b56744}"
EndProject
Project("{FAE04EC0-301F-11D3-BF4B-00C04F79EFBC}") = "Unity.Timeline", "Unity.Timeline.Player.csproj", "{3b8b781a-144d-4e17-4620-0297f53a913b}"
EndProject
Project("{FAE04EC0-301F-11D3-BF4B-00C04F79EFBC}") = "Unity.TextMeshPro", "Unity.TextMeshPro.Player.csproj", "{6d4a9f3c-bf8a-0aca-b675-4bc91798e37f}"
EndProject
Project("{FAE04EC0-301F-11D3-BF4B-00C04F79EFBC}") = "Unity.XR.Oculus", "Unity.XR.Oculus.Player.csproj", "{926d341a-b241-ea37-4f4c-70121c1b17d6}"
EndProject
Project("{FAE04EC0-301F-11D3-BF4B-00C04F79EFBC}") = "Unity.XR.Interaction.Toolkit", "Unity.XR.Interaction.Toolkit.Player.csproj", "{a47bc85e-26f3-bc3a-b302-40455940a6b2}"
EndProject
Project("{FAE04EC0-301F-11D3-BF4B-00C04F79EFBC}") = "Unity.XR.Management", "Unity.XR.Management.Player.csproj", "{4c7f681d-b83b-0a34-c9a3-f0d5494345af}"
EndProject
Project("{FAE04EC0-301F-11D3-BF4B-00C04F79EFBC}") = "Assembly-CSharp", "Assembly-CSharp.Player.csproj", "{5ecf4703-db5c-f74d-8975-193d1871c9c4}"
EndProject
Project("{FAE04EC0-301F-11D3-BF4B-00C04F79EFBC}") = "Unity.XR.MockHMD", "Unity.XR.MockHMD.Player.csproj", "{655e3c92-b4fe-36be-7dea-5890f11b4cc7}"
EndProject
Project("{FAE04EC0-301F-11D3-BF4B-00C04F79EFBC}") = "needle.weaver.webxr", "needle.weaver.webxr.Player.csproj", "{82015445-2729-30dc-cb7e-a45659c271df}"
EndProject
Project("{FAE04EC0-301F-11D3-BF4B-00C04F79EFBC}") = "needle.weaver", "needle.weaver.Player.csproj", "{49c63a7b-84a2-4e77-69ed-1cff9370dea6}"
EndProject
Project("{FAE04EC0-301F-11D3-BF4B-00C04F79EFBC}") = "Unity.Subsystem.Registration", "Unity.Subsystem.Registration.Player.csproj", "{14500da7-c340-7bb5-0591-978ffcfafdc3}"
EndProject
Project("{FAE04EC0-301F-11D3-BF4B-00C04F79EFBC}") = "UnityEngine.SpatialTracking", "UnityEngine.SpatialTracking.Player.csproj", "{b061d41c-1d58-9fbe-168b-c18a4b45f2b9}"
EndProject
Project("{FAE04EC0-301F-11D3-BF4B-00C04F79EFBC}") = "Unity.Subsystem.Registration.Runtime.Tests", "Unity.Subsystem.Registration.Runtime.Tests.csproj", "{582af680-902c-5103-7757-d446c33b46cc}"
EndProject
Project("{FAE04EC0-301F-11D3-BF4B-00C04F79EFBC}") = "Unity.XR.Management.EditorTests", "Unity.XR.Management.EditorTests.csproj", "{9d2df900-f054-4cba-6da5-4cb2b802460d}"
EndProject
Project("{FAE04EC0-301F-11D3-BF4B-00C04F79EFBC}") = "UnityEditor.XR.LegacyInputHelpers.Tests", "UnityEditor.XR.LegacyInputHelpers.Tests.csproj", "{5b41832b-31f2-caa7-a73a-40c4c4de52b6}"
EndProject
Project("{FAE04EC0-301F-11D3-BF4B-00C04F79EFBC}") = "Unity.TextMeshPro.Editor.Tests", "Unity.TextMeshPro.Editor.Tests.csproj", "{07a07fa8-1a03-28b9-751c-9f1a3b0c45be}"
EndProject
Project("{FAE04EC0-301F-11D3-BF4B-00C04F79EFBC}") = "Unity.XR.Management.TestPackage.Editor", "Unity.XR.Management.TestPackage.Editor.csproj", "{8fb7dc48-5083-18fa-c8a5-a02124fb4484}"
EndProject
Project("{FAE04EC0-301F-11D3-BF4B-00C04F79EFBC}") = "Unity.[SubGroup].[YourPackageName].Tests", "Unity.[SubGroup].[YourPackageName].Tests.csproj", "{8e7ca253-519d-bd18-b1b9-524c83f22f1e}"
EndProject
Project("{FAE04EC0-301F-11D3-BF4B-00C04F79EFBC}") = "Unity.XR.TestSupport", "Unity.XR.TestSupport.csproj", "{468a3c1f-02de-d7ed-76c1-731120d9ebdf}"
EndProject
Project("{FAE04EC0-301F-11D3-BF4B-00C04F79EFBC}") = "Unity.XR.Management.Tests.Standalone", "Unity.XR.Management.Tests.Standalone.csproj", "{c363416e-c21e-4e31-8c95-007e649d416a}"
EndProject
Project("{FAE04EC0-301F-11D3-BF4B-00C04F79EFBC}") = "Unity.CollabProxy.EditorTests", "Unity.CollabProxy.EditorTests.csproj", "{234f906f-24b7-33e6-ac5a-a30a6e34b8cf}"
EndProject
Project("{FAE04EC0-301F-11D3-BF4B-00C04F79EFBC}") = "UnityEngine.UI.Tests", "UnityEngine.UI.Tests.csproj", "{1b800790-cfad-bb60-5596-e96ba8f107c1}"
EndProject
Project("{FAE04EC0-301F-11D3-BF4B-00C04F79EFBC}") = "Unity.XR.Management.Tests", "Unity.XR.Management.Tests.csproj", "{715f93e8-16ff-5276-627a-d7b4737af55d}"
EndProject
Project("{FAE04EC0-301F-11D3-BF4B-00C04F79EFBC}") = "Unity.InputSystem.IntegrationTests", "Unity.InputSystem.IntegrationTests.csproj", "{cb272f5a-6285-8d04-8852-d8db8e29b222}"
EndProject
Project("{FAE04EC0-301F-11D3-BF4B-00C04F79EFBC}") = "Unity.XR.Interaction.Toolkit.Tests", "Unity.XR.Interaction.Toolkit.Tests.csproj", "{bd00ae16-eddc-abc8-13c9-cdb86e1b6627}"
EndProject
Project("{FAE04EC0-301F-11D3-BF4B-00C04F79EFBC}") = "Unity.XR.Management.TestPackage", "Unity.XR.Management.TestPackage.csproj", "{00ea37c1-ce68-28a2-3e9e-a4ed8ec449a3}"
EndProject
Project("{FAE04EC0-301F-11D3-BF4B-00C04F79EFBC}") = "Unity.TextMeshPro.Tests", "Unity.TextMeshPro.Tests.csproj", "{b5062e37-1883-31bd-eb1c-370c48afe774}"
EndProject
Project("{FAE04EC0-301F-11D3-BF4B-00C04F79EFBC}") = "UnityEditor.UI.EditorTests", "UnityEditor.UI.EditorTests.csproj", "{647d60c7-57a7-b88c-90e4-e4a103bed0a4}"
EndProject
Project("{FAE04EC0-301F-11D3-BF4B-00C04F79EFBC}") = "Unity.InputSystem.TestFramework", "Unity.InputSystem.TestFramework.csproj", "{2cfb1dc7-5832-30c8-795a-5f0ee15177ef}"
EndProject
Project("{FAE04EC0-301F-11D3-BF4B-00C04F79EFBC}") = "UnityEngine.SpatialTracking.Tests", "UnityEngine.SpatialTracking.Tests.csproj", "{eab23248-c0f5-4eac-c8d4-61b0ea1b6f29}"
EndProject
Project("{FAE04EC0-301F-11D3-BF4B-00C04F79EFBC}") = "Unity.[SubGroup].[YourPackageName].EditorTests", "Unity.[SubGroup].[YourPackageName].EditorTests.csproj", "{f72e9864-99fd-0fb1-19e9-3c21d2fce38a}"
EndProject
Global
	GlobalSection(SolutionConfigurationPlatforms) = preSolution
		Debug|Any CPU = Debug|Any CPU
	EndGlobalSection
	GlobalSection(ProjectConfigurationPlatforms) = postSolution
		{2dbf1dda-ea6f-8fd4-f121-6cd89e644e66}.Debug|Any CPU.ActiveCfg = Debug|Any CPU
		{2dbf1dda-ea6f-8fd4-f121-6cd89e644e66}.Debug|Any CPU.Build.0 = Debug|Any CPU
		{d98bfbf2-6e05-2fba-d90c-4d874cb3e614}.Debug|Any CPU.ActiveCfg = Debug|Any CPU
		{d98bfbf2-6e05-2fba-d90c-4d874cb3e614}.Debug|Any CPU.Build.0 = Debug|Any CPU
		{59734ab9-02f3-5cfc-8551-c8a7d65be4c0}.Debug|Any CPU.ActiveCfg = Debug|Any CPU
		{59734ab9-02f3-5cfc-8551-c8a7d65be4c0}.Debug|Any CPU.Build.0 = Debug|Any CPU
		{b8a7ba5b-6075-2a13-be4b-1ab638fa2b56}.Debug|Any CPU.ActiveCfg = Debug|Any CPU
		{b8a7ba5b-6075-2a13-be4b-1ab638fa2b56}.Debug|Any CPU.Build.0 = Debug|Any CPU
		{f54924e6-4a40-0a9d-8fab-e99a600922df}.Debug|Any CPU.ActiveCfg = Debug|Any CPU
		{f54924e6-4a40-0a9d-8fab-e99a600922df}.Debug|Any CPU.Build.0 = Debug|Any CPU
		{d6d29a25-0054-c6f2-b143-51401afd328a}.Debug|Any CPU.ActiveCfg = Debug|Any CPU
		{d6d29a25-0054-c6f2-b143-51401afd328a}.Debug|Any CPU.Build.0 = Debug|Any CPU
		{c08c7d51-613d-61fe-8c23-1770cb1f77a3}.Debug|Any CPU.ActiveCfg = Debug|Any CPU
		{c08c7d51-613d-61fe-8c23-1770cb1f77a3}.Debug|Any CPU.Build.0 = Debug|Any CPU
		{406b095b-4683-a806-2f09-14f3d361e13c}.Debug|Any CPU.ActiveCfg = Debug|Any CPU
		{406b095b-4683-a806-2f09-14f3d361e13c}.Debug|Any CPU.Build.0 = Debug|Any CPU
		{6b878eb3-9741-033e-fc93-2cde1add7877}.Debug|Any CPU.ActiveCfg = Debug|Any CPU
		{6b878eb3-9741-033e-fc93-2cde1add7877}.Debug|Any CPU.Build.0 = Debug|Any CPU
		{650b63e3-e130-938a-c001-2f315868446b}.Debug|Any CPU.ActiveCfg = Debug|Any CPU
		{650b63e3-e130-938a-c001-2f315868446b}.Debug|Any CPU.Build.0 = Debug|Any CPU
		{ce14639c-e859-c50a-26d6-e6be1f9ef7ef}.Debug|Any CPU.ActiveCfg = Debug|Any CPU
		{ce14639c-e859-c50a-26d6-e6be1f9ef7ef}.Debug|Any CPU.Build.0 = Debug|Any CPU
		{419ca821-94f8-6634-6648-3b9642672aca}.Debug|Any CPU.ActiveCfg = Debug|Any CPU
		{419ca821-94f8-6634-6648-3b9642672aca}.Debug|Any CPU.Build.0 = Debug|Any CPU
		{d9f69663-a5f6-89b0-3c00-c62e9e194ccd}.Debug|Any CPU.ActiveCfg = Debug|Any CPU
		{d9f69663-a5f6-89b0-3c00-c62e9e194ccd}.Debug|Any CPU.Build.0 = Debug|Any CPU
		{50c2d4ec-43f9-975d-22cb-8b60f88abca6}.Debug|Any CPU.ActiveCfg = Debug|Any CPU
		{50c2d4ec-43f9-975d-22cb-8b60f88abca6}.Debug|Any CPU.Build.0 = Debug|Any CPU
		{cb3231d2-9f0e-1915-c058-b58fe0db2b17}.Debug|Any CPU.ActiveCfg = Debug|Any CPU
		{cb3231d2-9f0e-1915-c058-b58fe0db2b17}.Debug|Any CPU.Build.0 = Debug|Any CPU
		{dce8c221-bede-78d5-79c7-5bc0e6537f97}.Debug|Any CPU.ActiveCfg = Debug|Any CPU
		{dce8c221-bede-78d5-79c7-5bc0e6537f97}.Debug|Any CPU.Build.0 = Debug|Any CPU
		{a5f4f464-8177-3959-119b-f22d789e6526}.Debug|Any CPU.ActiveCfg = Debug|Any CPU
		{a5f4f464-8177-3959-119b-f22d789e6526}.Debug|Any CPU.Build.0 = Debug|Any CPU
		{7895873f-3c33-cfae-23a3-ab23b590b9e6}.Debug|Any CPU.ActiveCfg = Debug|Any CPU
		{7895873f-3c33-cfae-23a3-ab23b590b9e6}.Debug|Any CPU.Build.0 = Debug|Any CPU
		{a857cd85-6de1-6d77-c4d6-75230d5d3895}.Debug|Any CPU.ActiveCfg = Debug|Any CPU
		{a857cd85-6de1-6d77-c4d6-75230d5d3895}.Debug|Any CPU.Build.0 = Debug|Any CPU
		{ad31e00a-885d-9051-508d-d1b680b9df53}.Debug|Any CPU.ActiveCfg = Debug|Any CPU
		{ad31e00a-885d-9051-508d-d1b680b9df53}.Debug|Any CPU.Build.0 = Debug|Any CPU
		{07e87ddf-e571-76b2-e8b2-e884d8b2bf76}.Debug|Any CPU.ActiveCfg = Debug|Any CPU
		{07e87ddf-e571-76b2-e8b2-e884d8b2bf76}.Debug|Any CPU.Build.0 = Debug|Any CPU
		{fe103198-4e51-5b85-d164-2c2bed53b6f9}.Debug|Any CPU.ActiveCfg = Debug|Any CPU
		{fe103198-4e51-5b85-d164-2c2bed53b6f9}.Debug|Any CPU.Build.0 = Debug|Any CPU
		{4cf34740-6d65-aef1-b92d-34af6c68b808}.Debug|Any CPU.ActiveCfg = Debug|Any CPU
		{4cf34740-6d65-aef1-b92d-34af6c68b808}.Debug|Any CPU.Build.0 = Debug|Any CPU
		{90a28e0f-be76-ffc2-1640-04db910c45de}.Debug|Any CPU.ActiveCfg = Debug|Any CPU
		{90a28e0f-be76-ffc2-1640-04db910c45de}.Debug|Any CPU.Build.0 = Debug|Any CPU
		{f6d6f7f9-a95f-8a5b-9e63-4f4031f7b232}.Debug|Any CPU.ActiveCfg = Debug|Any CPU
		{f6d6f7f9-a95f-8a5b-9e63-4f4031f7b232}.Debug|Any CPU.Build.0 = Debug|Any CPU
		{0e01f51a-20b6-e9e7-2f61-3d784b9bdc7d}.Debug|Any CPU.ActiveCfg = Debug|Any CPU
		{0e01f51a-20b6-e9e7-2f61-3d784b9bdc7d}.Debug|Any CPU.Build.0 = Debug|Any CPU
		{27f686be-212b-0d51-21fd-838037bc9c5e}.Debug|Any CPU.ActiveCfg = Debug|Any CPU
		{27f686be-212b-0d51-21fd-838037bc9c5e}.Debug|Any CPU.Build.0 = Debug|Any CPU
		{0883db49-0488-af17-2236-2cad4a4c2b44}.Debug|Any CPU.ActiveCfg = Debug|Any CPU
		{0883db49-0488-af17-2236-2cad4a4c2b44}.Debug|Any CPU.Build.0 = Debug|Any CPU
		{82755022-9f5c-0bce-1d93-a50c5a866115}.Debug|Any CPU.ActiveCfg = Debug|Any CPU
		{82755022-9f5c-0bce-1d93-a50c5a866115}.Debug|Any CPU.Build.0 = Debug|Any CPU
		{40f226d2-63d3-866c-b397-ad96d8fd6bef}.Debug|Any CPU.ActiveCfg = Debug|Any CPU
		{40f226d2-63d3-866c-b397-ad96d8fd6bef}.Debug|Any CPU.Build.0 = Debug|Any CPU
		{8b29db09-cc04-a9ad-61c0-ab73e934ef35}.Debug|Any CPU.ActiveCfg = Debug|Any CPU
		{8b29db09-cc04-a9ad-61c0-ab73e934ef35}.Debug|Any CPU.Build.0 = Debug|Any CPU
		{fd92ee8d-62a7-0a02-58f9-55c755532500}.Debug|Any CPU.ActiveCfg = Debug|Any CPU
		{fd92ee8d-62a7-0a02-58f9-55c755532500}.Debug|Any CPU.Build.0 = Debug|Any CPU
		{094512fd-470d-7ce5-967c-ef119d0bcdb6}.Debug|Any CPU.ActiveCfg = Debug|Any CPU
		{094512fd-470d-7ce5-967c-ef119d0bcdb6}.Debug|Any CPU.Build.0 = Debug|Any CPU
		{7b01e19e-e137-0c74-3d6d-c4067402bfe1}.Debug|Any CPU.ActiveCfg = Debug|Any CPU
		{7b01e19e-e137-0c74-3d6d-c4067402bfe1}.Debug|Any CPU.Build.0 = Debug|Any CPU
		{e9624703-44a5-9433-ecc5-7c7ed6b56744}.Debug|Any CPU.ActiveCfg = Debug|Any CPU
		{e9624703-44a5-9433-ecc5-7c7ed6b56744}.Debug|Any CPU.Build.0 = Debug|Any CPU
		{3b8b781a-144d-4e17-4620-0297f53a913b}.Debug|Any CPU.ActiveCfg = Debug|Any CPU
		{3b8b781a-144d-4e17-4620-0297f53a913b}.Debug|Any CPU.Build.0 = Debug|Any CPU
		{6d4a9f3c-bf8a-0aca-b675-4bc91798e37f}.Debug|Any CPU.ActiveCfg = Debug|Any CPU
		{6d4a9f3c-bf8a-0aca-b675-4bc91798e37f}.Debug|Any CPU.Build.0 = Debug|Any CPU
		{926d341a-b241-ea37-4f4c-70121c1b17d6}.Debug|Any CPU.ActiveCfg = Debug|Any CPU
		{926d341a-b241-ea37-4f4c-70121c1b17d6}.Debug|Any CPU.Build.0 = Debug|Any CPU
		{a47bc85e-26f3-bc3a-b302-40455940a6b2}.Debug|Any CPU.ActiveCfg = Debug|Any CPU
		{a47bc85e-26f3-bc3a-b302-40455940a6b2}.Debug|Any CPU.Build.0 = Debug|Any CPU
		{4c7f681d-b83b-0a34-c9a3-f0d5494345af}.Debug|Any CPU.ActiveCfg = Debug|Any CPU
		{4c7f681d-b83b-0a34-c9a3-f0d5494345af}.Debug|Any CPU.Build.0 = Debug|Any CPU
		{5ecf4703-db5c-f74d-8975-193d1871c9c4}.Debug|Any CPU.ActiveCfg = Debug|Any CPU
		{5ecf4703-db5c-f74d-8975-193d1871c9c4}.Debug|Any CPU.Build.0 = Debug|Any CPU
		{655e3c92-b4fe-36be-7dea-5890f11b4cc7}.Debug|Any CPU.ActiveCfg = Debug|Any CPU
		{655e3c92-b4fe-36be-7dea-5890f11b4cc7}.Debug|Any CPU.Build.0 = Debug|Any CPU
		{82015445-2729-30dc-cb7e-a45659c271df}.Debug|Any CPU.ActiveCfg = Debug|Any CPU
		{82015445-2729-30dc-cb7e-a45659c271df}.Debug|Any CPU.Build.0 = Debug|Any CPU
		{49c63a7b-84a2-4e77-69ed-1cff9370dea6}.Debug|Any CPU.ActiveCfg = Debug|Any CPU
		{49c63a7b-84a2-4e77-69ed-1cff9370dea6}.Debug|Any CPU.Build.0 = Debug|Any CPU
		{14500da7-c340-7bb5-0591-978ffcfafdc3}.Debug|Any CPU.ActiveCfg = Debug|Any CPU
		{14500da7-c340-7bb5-0591-978ffcfafdc3}.Debug|Any CPU.Build.0 = Debug|Any CPU
		{b061d41c-1d58-9fbe-168b-c18a4b45f2b9}.Debug|Any CPU.ActiveCfg = Debug|Any CPU
		{b061d41c-1d58-9fbe-168b-c18a4b45f2b9}.Debug|Any CPU.Build.0 = Debug|Any CPU
		{582af680-902c-5103-7757-d446c33b46cc}.Debug|Any CPU.ActiveCfg = Debug|Any CPU
		{582af680-902c-5103-7757-d446c33b46cc}.Debug|Any CPU.Build.0 = Debug|Any CPU
		{9d2df900-f054-4cba-6da5-4cb2b802460d}.Debug|Any CPU.ActiveCfg = Debug|Any CPU
		{9d2df900-f054-4cba-6da5-4cb2b802460d}.Debug|Any CPU.Build.0 = Debug|Any CPU
		{5b41832b-31f2-caa7-a73a-40c4c4de52b6}.Debug|Any CPU.ActiveCfg = Debug|Any CPU
		{5b41832b-31f2-caa7-a73a-40c4c4de52b6}.Debug|Any CPU.Build.0 = Debug|Any CPU
		{07a07fa8-1a03-28b9-751c-9f1a3b0c45be}.Debug|Any CPU.ActiveCfg = Debug|Any CPU
		{07a07fa8-1a03-28b9-751c-9f1a3b0c45be}.Debug|Any CPU.Build.0 = Debug|Any CPU
		{8fb7dc48-5083-18fa-c8a5-a02124fb4484}.Debug|Any CPU.ActiveCfg = Debug|Any CPU
		{8fb7dc48-5083-18fa-c8a5-a02124fb4484}.Debug|Any CPU.Build.0 = Debug|Any CPU
		{8e7ca253-519d-bd18-b1b9-524c83f22f1e}.Debug|Any CPU.ActiveCfg = Debug|Any CPU
		{8e7ca253-519d-bd18-b1b9-524c83f22f1e}.Debug|Any CPU.Build.0 = Debug|Any CPU
		{468a3c1f-02de-d7ed-76c1-731120d9ebdf}.Debug|Any CPU.ActiveCfg = Debug|Any CPU
		{468a3c1f-02de-d7ed-76c1-731120d9ebdf}.Debug|Any CPU.Build.0 = Debug|Any CPU
		{c363416e-c21e-4e31-8c95-007e649d416a}.Debug|Any CPU.ActiveCfg = Debug|Any CPU
		{c363416e-c21e-4e31-8c95-007e649d416a}.Debug|Any CPU.Build.0 = Debug|Any CPU
		{234f906f-24b7-33e6-ac5a-a30a6e34b8cf}.Debug|Any CPU.ActiveCfg = Debug|Any CPU
		{234f906f-24b7-33e6-ac5a-a30a6e34b8cf}.Debug|Any CPU.Build.0 = Debug|Any CPU
		{1b800790-cfad-bb60-5596-e96ba8f107c1}.Debug|Any CPU.ActiveCfg = Debug|Any CPU
		{1b800790-cfad-bb60-5596-e96ba8f107c1}.Debug|Any CPU.Build.0 = Debug|Any CPU
		{715f93e8-16ff-5276-627a-d7b4737af55d}.Debug|Any CPU.ActiveCfg = Debug|Any CPU
		{715f93e8-16ff-5276-627a-d7b4737af55d}.Debug|Any CPU.Build.0 = Debug|Any CPU
		{cb272f5a-6285-8d04-8852-d8db8e29b222}.Debug|Any CPU.ActiveCfg = Debug|Any CPU
		{cb272f5a-6285-8d04-8852-d8db8e29b222}.Debug|Any CPU.Build.0 = Debug|Any CPU
		{bd00ae16-eddc-abc8-13c9-cdb86e1b6627}.Debug|Any CPU.ActiveCfg = Debug|Any CPU
		{bd00ae16-eddc-abc8-13c9-cdb86e1b6627}.Debug|Any CPU.Build.0 = Debug|Any CPU
		{00ea37c1-ce68-28a2-3e9e-a4ed8ec449a3}.Debug|Any CPU.ActiveCfg = Debug|Any CPU
		{00ea37c1-ce68-28a2-3e9e-a4ed8ec449a3}.Debug|Any CPU.Build.0 = Debug|Any CPU
		{b5062e37-1883-31bd-eb1c-370c48afe774}.Debug|Any CPU.ActiveCfg = Debug|Any CPU
		{b5062e37-1883-31bd-eb1c-370c48afe774}.Debug|Any CPU.Build.0 = Debug|Any CPU
		{647d60c7-57a7-b88c-90e4-e4a103bed0a4}.Debug|Any CPU.ActiveCfg = Debug|Any CPU
		{647d60c7-57a7-b88c-90e4-e4a103bed0a4}.Debug|Any CPU.Build.0 = Debug|Any CPU
		{2cfb1dc7-5832-30c8-795a-5f0ee15177ef}.Debug|Any CPU.ActiveCfg = Debug|Any CPU
		{2cfb1dc7-5832-30c8-795a-5f0ee15177ef}.Debug|Any CPU.Build.0 = Debug|Any CPU
		{eab23248-c0f5-4eac-c8d4-61b0ea1b6f29}.Debug|Any CPU.ActiveCfg = Debug|Any CPU
		{eab23248-c0f5-4eac-c8d4-61b0ea1b6f29}.Debug|Any CPU.Build.0 = Debug|Any CPU
		{f72e9864-99fd-0fb1-19e9-3c21d2fce38a}.Debug|Any CPU.ActiveCfg = Debug|Any CPU
		{f72e9864-99fd-0fb1-19e9-3c21d2fce38a}.Debug|Any CPU.Build.0 = Debug|Any CPU
	EndGlobalSection
	GlobalSection(SolutionProperties) = preSolution
		HideSolutionNode = FALSE
	EndGlobalSection
EndGlobal
